
Microsoft Visual Studio Solution File, Format Version 12.00
# Visual Studio 15
VisualStudioVersion = 15.0.26124.0
MinimumVisualStudioVersion = 15.0.26124.0
Project("{FAE04EC0-301F-11D3-BF4B-00C04F79EFBC}") = "EntityHttp.Json", "EntityHttp.Json\EntityHttp.Json.csproj", "{13279305-EF4E-4314-9325-6FE6258F9C7B}"
EndProject
Project("{FAE04EC0-301F-11D3-BF4B-00C04F79EFBC}") = "EntityHttp.Xml", "EntityHttp.Xml\EntityHttp.Xml.csproj", "{282BFCF0-76C9-4C35-8E7A-9D077F7BBF41}"
EndProject
Project("{FAE04EC0-301F-11D3-BF4B-00C04F79EFBC}") = "EntityHttp.Query", "EntityHttp.Query\EntityHttp.Query.csproj", "{4EF15032-73E5-4F02-99FF-E3919CFB26C4}"
EndProject
Project("{FAE04EC0-301F-11D3-BF4B-00C04F79EFBC}") = "EntityHttp.XwwwFormUrlEncoded", "EntityHttp.XwwwFormUrlEncoded\EntityHttp.XwwwFormUrlEncoded.csproj", "{16016E09-55D8-46F5-85B1-C8EDECF97F07}"
EndProject
Project("{FAE04EC0-301F-11D3-BF4B-00C04F79EFBC}") = "EntityHttp.Json.Test", "EntityHttp.Json.Test\EntityHttp.Json.Test.csproj", "{6928E28E-B744-49CA-8959-8498BD618782}"
EndProject
Global
	GlobalSection(SolutionConfigurationPlatforms) = preSolution
		Debug|Any CPU = Debug|Any CPU
		Debug|x64 = Debug|x64
		Debug|x86 = Debug|x86
		Release|Any CPU = Release|Any CPU
		Release|x64 = Release|x64
		Release|x86 = Release|x86
	EndGlobalSection
	GlobalSection(SolutionProperties) = preSolution
		HideSolutionNode = FALSE
	EndGlobalSection
	GlobalSection(ProjectConfigurationPlatforms) = postSolution
		{13279305-EF4E-4314-9325-6FE6258F9C7B}.Debug|Any CPU.ActiveCfg = Debug|Any CPU
		{13279305-EF4E-4314-9325-6FE6258F9C7B}.Debug|Any CPU.Build.0 = Debug|Any CPU
		{13279305-EF4E-4314-9325-6FE6258F9C7B}.Debug|x64.ActiveCfg = Debug|Any CPU
		{13279305-EF4E-4314-9325-6FE6258F9C7B}.Debug|x64.Build.0 = Debug|Any CPU
		{13279305-EF4E-4314-9325-6FE6258F9C7B}.Debug|x86.ActiveCfg = Debug|Any CPU
		{13279305-EF4E-4314-9325-6FE6258F9C7B}.Debug|x86.Build.0 = Debug|Any CPU
		{13279305-EF4E-4314-9325-6FE6258F9C7B}.Release|Any CPU.ActiveCfg = Release|Any CPU
		{13279305-EF4E-4314-9325-6FE6258F9C7B}.Release|Any CPU.Build.0 = Release|Any CPU
		{13279305-EF4E-4314-9325-6FE6258F9C7B}.Release|x64.ActiveCfg = Release|Any CPU
		{13279305-EF4E-4314-9325-6FE6258F9C7B}.Release|x64.Build.0 = Release|Any CPU
		{13279305-EF4E-4314-9325-6FE6258F9C7B}.Release|x86.ActiveCfg = Release|Any CPU
		{13279305-EF4E-4314-9325-6FE6258F9C7B}.Release|x86.Build.0 = Release|Any CPU
		{282BFCF0-76C9-4C35-8E7A-9D077F7BBF41}.Debug|Any CPU.ActiveCfg = Debug|Any CPU
		{282BFCF0-76C9-4C35-8E7A-9D077F7BBF41}.Debug|Any CPU.Build.0 = Debug|Any CPU
		{282BFCF0-76C9-4C35-8E7A-9D077F7BBF41}.Debug|x64.ActiveCfg = Debug|Any CPU
		{282BFCF0-76C9-4C35-8E7A-9D077F7BBF41}.Debug|x64.Build.0 = Debug|Any CPU
		{282BFCF0-76C9-4C35-8E7A-9D077F7BBF41}.Debug|x86.ActiveCfg = Debug|Any CPU
		{282BFCF0-76C9-4C35-8E7A-9D077F7BBF41}.Debug|x86.Build.0 = Debug|Any CPU
		{282BFCF0-76C9-4C35-8E7A-9D077F7BBF41}.Release|Any CPU.ActiveCfg = Release|Any CPU
		{282BFCF0-76C9-4C35-8E7A-9D077F7BBF41}.Release|Any CPU.Build.0 = Release|Any CPU
		{282BFCF0-76C9-4C35-8E7A-9D077F7BBF41}.Release|x64.ActiveCfg = Release|Any CPU
		{282BFCF0-76C9-4C35-8E7A-9D077F7BBF41}.Release|x64.Build.0 = Release|Any CPU
		{282BFCF0-76C9-4C35-8E7A-9D077F7BBF41}.Release|x86.ActiveCfg = Release|Any CPU
		{282BFCF0-76C9-4C35-8E7A-9D077F7BBF41}.Release|x86.Build.0 = Release|Any CPU
		{4EF15032-73E5-4F02-99FF-E3919CFB26C4}.Debug|Any CPU.ActiveCfg = Debug|Any CPU
		{4EF15032-73E5-4F02-99FF-E3919CFB26C4}.Debug|Any CPU.Build.0 = Debug|Any CPU
		{4EF15032-73E5-4F02-99FF-E3919CFB26C4}.Debug|x64.ActiveCfg = Debug|Any CPU
		{4EF15032-73E5-4F02-99FF-E3919CFB26C4}.Debug|x64.Build.0 = Debug|Any CPU
		{4EF15032-73E5-4F02-99FF-E3919CFB26C4}.Debug|x86.ActiveCfg = Debug|Any CPU
		{4EF15032-73E5-4F02-99FF-E3919CFB26C4}.Debug|x86.Build.0 = Debug|Any CPU
		{4EF15032-73E5-4F02-99FF-E3919CFB26C4}.Release|Any CPU.ActiveCfg = Release|Any CPU
		{4EF15032-73E5-4F02-99FF-E3919CFB26C4}.Release|Any CPU.Build.0 = Release|Any CPU
		{4EF15032-73E5-4F02-99FF-E3919CFB26C4}.Release|x64.ActiveCfg = Release|Any CPU
		{4EF15032-73E5-4F02-99FF-E3919CFB26C4}.Release|x64.Build.0 = Release|Any CPU
		{4EF15032-73E5-4F02-99FF-E3919CFB26C4}.Release|x86.ActiveCfg = Release|Any CPU
		{4EF15032-73E5-4F02-99FF-E3919CFB26C4}.Release|x86.Build.0 = Release|Any CPU
		{16016E09-55D8-46F5-85B1-C8EDECF97F07}.Debug|Any CPU.ActiveCfg = Debug|Any CPU
		{16016E09-55D8-46F5-85B1-C8EDECF97F07}.Debug|Any CPU.Build.0 = Debug|Any CPU
		{16016E09-55D8-46F5-85B1-C8EDECF97F07}.Debug|x64.ActiveCfg = Debug|Any CPU
		{16016E09-55D8-46F5-85B1-C8EDECF97F07}.Debug|x64.Build.0 = Debug|Any CPU
		{16016E09-55D8-46F5-85B1-C8EDECF97F07}.Debug|x86.ActiveCfg = Debug|Any CPU
		{16016E09-55D8-46F5-85B1-C8EDECF97F07}.Debug|x86.Build.0 = Debug|Any CPU
		{16016E09-55D8-46F5-85B1-C8EDECF97F07}.Release|Any CPU.ActiveCfg = Release|Any CPU
		{16016E09-55D8-46F5-85B1-C8EDECF97F07}.Release|Any CPU.Build.0 = Release|Any CPU
		{16016E09-55D8-46F5-85B1-C8EDECF97F07}.Release|x64.ActiveCfg = Release|Any CPU
		{16016E09-55D8-46F5-85B1-C8EDECF97F07}.Release|x64.Build.0 = Release|Any CPU
		{16016E09-55D8-46F5-85B1-C8EDECF97F07}.Release|x86.ActiveCfg = Release|Any CPU
		{16016E09-55D8-46F5-85B1-C8EDECF97F07}.Release|x86.Build.0 = Release|Any CPU
		{6928E28E-B744-49CA-8959-8498BD618782}.Debug|Any CPU.ActiveCfg = Debug|Any CPU
		{6928E28E-B744-49CA-8959-8498BD618782}.Debug|Any CPU.Build.0 = Debug|Any CPU
		{6928E28E-B744-49CA-8959-8498BD618782}.Debug|x64.ActiveCfg = Debug|Any CPU
		{6928E28E-B744-49CA-8959-8498BD618782}.Debug|x64.Build.0 = Debug|Any CPU
		{6928E28E-B744-49CA-8959-8498BD618782}.Debug|x86.ActiveCfg = Debug|Any CPU
		{6928E28E-B744-49CA-8959-8498BD618782}.Debug|x86.Build.0 = Debug|Any CPU
		{6928E28E-B744-49CA-8959-8498BD618782}.Release|Any CPU.ActiveCfg = Release|Any CPU
		{6928E28E-B744-49CA-8959-8498BD618782}.Release|Any CPU.Build.0 = Release|Any CPU
		{6928E28E-B744-49CA-8959-8498BD618782}.Release|x64.ActiveCfg = Release|Any CPU
		{6928E28E-B744-49CA-8959-8498BD618782}.Release|x64.Build.0 = Release|Any CPU
		{6928E28E-B744-49CA-8959-8498BD618782}.Release|x86.ActiveCfg = Release|Any CPU
		{6928E28E-B744-49CA-8959-8498BD618782}.Release|x86.Build.0 = Release|Any CPU
	EndGlobalSection
EndGlobal
